// !$*UTF8*$!
{
	archiveVersion = 1;
	classes = {
	};
	objectVersion = 55;
	objects = {

/* Begin PBXBuildFile section */
		B65A743B27AA2ECB00CC371E /* AppDelegate.swift in Sources */ = {isa = PBXBuildFile; fileRef = B65A743A27AA2ECB00CC371E /* AppDelegate.swift */; };
		B65A743D27AA2ECB00CC371E /* SceneDelegate.swift in Sources */ = {isa = PBXBuildFile; fileRef = B65A743C27AA2ECB00CC371E /* SceneDelegate.swift */; };
		B65A743F27AA2ECB00CC371E /* ViewController.swift in Sources */ = {isa = PBXBuildFile; fileRef = B65A743E27AA2ECB00CC371E /* ViewController.swift */; };
		B65A744227AA2ECB00CC371E /* Main.storyboard in Resources */ = {isa = PBXBuildFile; fileRef = B65A744027AA2ECB00CC371E /* Main.storyboard */; };
		B65A744427AA2ECC00CC371E /* Assets.xcassets in Resources */ = {isa = PBXBuildFile; fileRef = B65A744327AA2ECC00CC371E /* Assets.xcassets */; };
		B65A744727AA2ECC00CC371E /* LaunchScreen.storyboard in Resources */ = {isa = PBXBuildFile; fileRef = B65A744527AA2ECC00CC371E /* LaunchScreen.storyboard */; };
		B65A745227AA2ECC00CC371E /* UTCTimeTests.swift in Sources */ = {isa = PBXBuildFile; fileRef = B65A745127AA2ECC00CC371E /* UTCTimeTests.swift */; };
		B65A745C27AA2ECC00CC371E /* UTCTimeUITests.swift in Sources */ = {isa = PBXBuildFile; fileRef = B65A745B27AA2ECC00CC371E /* UTCTimeUITests.swift */; };
		B65A745E27AA2ECC00CC371E /* UTCTimeUITestsLaunchTests.swift in Sources */ = {isa = PBXBuildFile; fileRef = B65A745D27AA2ECC00CC371E /* UTCTimeUITestsLaunchTests.swift */; };
		B65A746E27AA2FF800CC371E /* ViewModel.swift in Sources */ = {isa = PBXBuildFile; fileRef = B65A746D27AA2FF800CC371E /* ViewModel.swift */; };
		B65A747027AA2FFE00CC371E /* Service.swift in Sources */ = {isa = PBXBuildFile; fileRef = B65A746F27AA2FFE00CC371E /* Service.swift */; };
		B65A747227AA300900CC371E /* Model.swift in Sources */ = {isa = PBXBuildFile; fileRef = B65A747127AA300800CC371E /* Model.swift */; };
		B65A747427AA301800CC371E /* Repository.swift in Sources */ = {isa = PBXBuildFile; fileRef = B65A747327AA301800CC371E /* Repository.swift */; };
		B65A747627AA302100CC371E /* Entity.swift in Sources */ = {isa = PBXBuildFile; fileRef = B65A747527AA302100CC371E /* Entity.swift */; };
/* End PBXBuildFile section */

/* Begin PBXContainerItemProxy section */
		B65A744E27AA2ECC00CC371E /* PBXContainerItemProxy */ = {
			isa = PBXContainerItemProxy;
			containerPortal = B65A742F27AA2ECB00CC371E /* Project object */;
			proxyType = 1;
			remoteGlobalIDString = B65A743627AA2ECB00CC371E;
			remoteInfo = UTCTime;
		};
		B65A745827AA2ECC00CC371E /* PBXContainerItemProxy */ = {
			isa = PBXContainerItemProxy;
			containerPortal = B65A742F27AA2ECB00CC371E /* Project object */;
			proxyType = 1;
			remoteGlobalIDString = B65A743627AA2ECB00CC371E;
			remoteInfo = UTCTime;
		};
/* End PBXContainerItemProxy section */

/* Begin PBXFileReference section */
		B65A743727AA2ECB00CC371E /* UTCTime.app */ = {isa = PBXFileReference; explicitFileType = wrapper.application; includeInIndex = 0; path = UTCTime.app; sourceTree = BUILT_PRODUCTS_DIR; };
		B65A743A27AA2ECB00CC371E /* AppDelegate.swift */ = {isa = PBXFileReference; lastKnownFileType = sourcecode.swift; path = AppDelegate.swift; sourceTree = "<group>"; };
		B65A743C27AA2ECB00CC371E /* SceneDelegate.swift */ = {isa = PBXFileReference; lastKnownFileType = sourcecode.swift; path = SceneDelegate.swift; sourceTree = "<group>"; };
		B65A743E27AA2ECB00CC371E /* ViewController.swift */ = {isa = PBXFileReference; lastKnownFileType = sourcecode.swift; path = ViewController.swift; sourceTree = "<group>"; };
		B65A744127AA2ECB00CC371E /* Base */ = {isa = PBXFileReference; lastKnownFileType = file.storyboard; name = Base; path = Base.lproj/Main.storyboard; sourceTree = "<group>"; };
		B65A744327AA2ECC00CC371E /* Assets.xcassets */ = {isa = PBXFileReference; lastKnownFileType = folder.assetcatalog; path = Assets.xcassets; sourceTree = "<group>"; };
		B65A744627AA2ECC00CC371E /* Base */ = {isa = PBXFileReference; lastKnownFileType = file.storyboard; name = Base; path = Base.lproj/LaunchScreen.storyboard; sourceTree = "<group>"; };
		B65A744827AA2ECC00CC371E /* Info.plist */ = {isa = PBXFileReference; lastKnownFileType = text.plist.xml; path = Info.plist; sourceTree = "<group>"; };
		B65A744D27AA2ECC00CC371E /* UTCTimeTests.xctest */ = {isa = PBXFileReference; explicitFileType = wrapper.cfbundle; includeInIndex = 0; path = UTCTimeTests.xctest; sourceTree = BUILT_PRODUCTS_DIR; };
		B65A745127AA2ECC00CC371E /* UTCTimeTests.swift */ = {isa = PBXFileReference; lastKnownFileType = sourcecode.swift; path = UTCTimeTests.swift; sourceTree = "<group>"; };
		B65A745727AA2ECC00CC371E /* UTCTimeUITests.xctest */ = {isa = PBXFileReference; explicitFileType = wrapper.cfbundle; includeInIndex = 0; path = UTCTimeUITests.xctest; sourceTree = BUILT_PRODUCTS_DIR; };
		B65A745B27AA2ECC00CC371E /* UTCTimeUITests.swift */ = {isa = PBXFileReference; lastKnownFileType = sourcecode.swift; path = UTCTimeUITests.swift; sourceTree = "<group>"; };
		B65A745D27AA2ECC00CC371E /* UTCTimeUITestsLaunchTests.swift */ = {isa = PBXFileReference; lastKnownFileType = sourcecode.swift; path = UTCTimeUITestsLaunchTests.swift; sourceTree = "<group>"; };
		B65A746D27AA2FF800CC371E /* ViewModel.swift */ = {isa = PBXFileReference; lastKnownFileType = sourcecode.swift; path = ViewModel.swift; sourceTree = "<group>"; };
		B65A746F27AA2FFE00CC371E /* Service.swift */ = {isa = PBXFileReference; lastKnownFileType = sourcecode.swift; path = Service.swift; sourceTree = "<group>"; };
		B65A747127AA300800CC371E /* Model.swift */ = {isa = PBXFileReference; lastKnownFileType = sourcecode.swift; path = Model.swift; sourceTree = "<group>"; };
		B65A747327AA301800CC371E /* Repository.swift */ = {isa = PBXFileReference; lastKnownFileType = sourcecode.swift; path = Repository.swift; sourceTree = "<group>"; };
		B65A747527AA302100CC371E /* Entity.swift */ = {isa = PBXFileReference; lastKnownFileType = sourcecode.swift; path = Entity.swift; sourceTree = "<group>"; };
/* End PBXFileReference section */

/* Begin PBXFrameworksBuildPhase section */
		B65A743427AA2ECB00CC371E /* Frameworks */ = {
			isa = PBXFrameworksBuildPhase;
			buildActionMask = 2147483647;
			files = (
			);
			runOnlyForDeploymentPostprocessing = 0;
		};
		B65A744A27AA2ECC00CC371E /* Frameworks */ = {
			isa = PBXFrameworksBuildPhase;
			buildActionMask = 2147483647;
			files = (
			);
			runOnlyForDeploymentPostprocessing = 0;
		};
		B65A745427AA2ECC00CC371E /* Frameworks */ = {
			isa = PBXFrameworksBuildPhase;
			buildActionMask = 2147483647;
			files = (
			);
			runOnlyForDeploymentPostprocessing = 0;
		};
/* End PBXFrameworksBuildPhase section */

/* Begin PBXGroup section */
		B65A742E27AA2ECB00CC371E = {
			isa = PBXGroup;
			children = (
				B65A743927AA2ECB00CC371E /* UTCTime */,
				B65A745027AA2ECC00CC371E /* UTCTimeTests */,
				B65A745A27AA2ECC00CC371E /* UTCTimeUITests */,
				B65A743827AA2ECB00CC371E /* Products */,
			);
			sourceTree = "<group>";
		};
		B65A743827AA2ECB00CC371E /* Products */ = {
			isa = PBXGroup;
			children = (
				B65A743727AA2ECB00CC371E /* UTCTime.app */,
				B65A744D27AA2ECC00CC371E /* UTCTimeTests.xctest */,
				B65A745727AA2ECC00CC371E /* UTCTimeUITests.xctest */,
			);
			name = Products;
			sourceTree = "<group>";
		};
		B65A743927AA2ECB00CC371E /* UTCTime */ = {
			isa = PBXGroup;
			children = (
				B65A746A27AA2EFD00CC371E /* App */,
				B65A746B27AA2FD400CC371E /* Resource */,
				B65A746C27AA2FDB00CC371E /* Source */,
			);
			path = UTCTime;
			sourceTree = "<group>";
		};
		B65A745027AA2ECC00CC371E /* UTCTimeTests */ = {
			isa = PBXGroup;
			children = (
				B65A745127AA2ECC00CC371E /* UTCTimeTests.swift */,
			);
			path = UTCTimeTests;
			sourceTree = "<group>";
		};
		B65A745A27AA2ECC00CC371E /* UTCTimeUITests */ = {
			isa = PBXGroup;
			children = (
				B65A745B27AA2ECC00CC371E /* UTCTimeUITests.swift */,
				B65A745D27AA2ECC00CC371E /* UTCTimeUITestsLaunchTests.swift */,
			);
			path = UTCTimeUITests;
			sourceTree = "<group>";
		};
		B65A746A27AA2EFD00CC371E /* App */ = {
			isa = PBXGroup;
			children = (
				B65A744527AA2ECC00CC371E /* LaunchScreen.storyboard */,
				B65A743A27AA2ECB00CC371E /* AppDelegate.swift */,
				B65A743C27AA2ECB00CC371E /* SceneDelegate.swift */,
				B65A744827AA2ECC00CC371E /* Info.plist */,
			);
			path = App;
			sourceTree = "<group>";
		};
		B65A746B27AA2FD400CC371E /* Resource */ = {
			isa = PBXGroup;
			children = (
				B65A744327AA2ECC00CC371E /* Assets.xcassets */,
			);
			path = Resource;
			sourceTree = "<group>";
		};
		B65A746C27AA2FDB00CC371E /* Source */ = {
			isa = PBXGroup;
			children = (
				B65A744027AA2ECB00CC371E /* Main.storyboard */,
				B65A743E27AA2ECB00CC371E /* ViewController.swift */,
				B65A746D27AA2FF800CC371E /* ViewModel.swift */,
				B65A747127AA300800CC371E /* Model.swift */,
				B65A746F27AA2FFE00CC371E /* Service.swift */,
				B65A747327AA301800CC371E /* Repository.swift */,
				B65A747527AA302100CC371E /* Entity.swift */,
			);
			path = Source;
			sourceTree = "<group>";
		};
/* End PBXGroup section */

/* Begin PBXNativeTarget section */
		B65A743627AA2ECB00CC371E /* UTCTime */ = {
			isa = PBXNativeTarget;
			buildConfigurationList = B65A746127AA2ECC00CC371E /* Build configuration list for PBXNativeTarget "UTCTime" */;
			buildPhases = (
				B65A743327AA2ECB00CC371E /* Sources */,
				B65A743427AA2ECB00CC371E /* Frameworks */,
				B65A743527AA2ECB00CC371E /* Resources */,
			);
			buildRules = (
			);
			dependencies = (
			);
			name = UTCTime;
			productName = UTCTime;
			productReference = B65A743727AA2ECB00CC371E /* UTCTime.app */;
			productType = "com.apple.product-type.application";
		};
		B65A744C27AA2ECC00CC371E /* UTCTimeTests */ = {
			isa = PBXNativeTarget;
			buildConfigurationList = B65A746427AA2ECC00CC371E /* Build configuration list for PBXNativeTarget "UTCTimeTests" */;
			buildPhases = (
				B65A744927AA2ECC00CC371E /* Sources */,
				B65A744A27AA2ECC00CC371E /* Frameworks */,
				B65A744B27AA2ECC00CC371E /* Resources */,
			);
			buildRules = (
			);
			dependencies = (
				B65A744F27AA2ECC00CC371E /* PBXTargetDependency */,
			);
			name = UTCTimeTests;
			productName = UTCTimeTests;
			productReference = B65A744D27AA2ECC00CC371E /* UTCTimeTests.xctest */;
			productType = "com.apple.product-type.bundle.unit-test";
		};
		B65A745627AA2ECC00CC371E /* UTCTimeUITests */ = {
			isa = PBXNativeTarget;
			buildConfigurationList = B65A746727AA2ECC00CC371E /* Build configuration list for PBXNativeTarget "UTCTimeUITests" */;
			buildPhases = (
				B65A745327AA2ECC00CC371E /* Sources */,
				B65A745427AA2ECC00CC371E /* Frameworks */,
				B65A745527AA2ECC00CC371E /* Resources */,
			);
			buildRules = (
			);
			dependencies = (
				B65A745927AA2ECC00CC371E /* PBXTargetDependency */,
			);
			name = UTCTimeUITests;
			productName = UTCTimeUITests;
			productReference = B65A745727AA2ECC00CC371E /* UTCTimeUITests.xctest */;
			productType = "com.apple.product-type.bundle.ui-testing";
		};
/* End PBXNativeTarget section */

/* Begin PBXProject section */
		B65A742F27AA2ECB00CC371E /* Project object */ = {
			isa = PBXProject;
			attributes = {
				BuildIndependentTargetsInParallel = 1;
				LastSwiftUpdateCheck = 1310;
				LastUpgradeCheck = 1310;
				TargetAttributes = {
					B65A743627AA2ECB00CC371E = {
						CreatedOnToolsVersion = 13.1;
					};
					B65A744C27AA2ECC00CC371E = {
						CreatedOnToolsVersion = 13.1;
						TestTargetID = B65A743627AA2ECB00CC371E;
					};
					B65A745627AA2ECC00CC371E = {
						CreatedOnToolsVersion = 13.1;
						TestTargetID = B65A743627AA2ECB00CC371E;
					};
				};
			};
			buildConfigurationList = B65A743227AA2ECB00CC371E /* Build configuration list for PBXProject "UTCTime" */;
			compatibilityVersion = "Xcode 13.0";
			developmentRegion = en;
			hasScannedForEncodings = 0;
			knownRegions = (
				en,
				Base,
			);
			mainGroup = B65A742E27AA2ECB00CC371E;
			productRefGroup = B65A743827AA2ECB00CC371E /* Products */;
			projectDirPath = "";
			projectRoot = "";
			targets = (
				B65A743627AA2ECB00CC371E /* UTCTime */,
				B65A744C27AA2ECC00CC371E /* UTCTimeTests */,
				B65A745627AA2ECC00CC371E /* UTCTimeUITests */,
			);
		};
/* End PBXProject section */

/* Begin PBXResourcesBuildPhase section */
		B65A743527AA2ECB00CC371E /* Resources */ = {
			isa = PBXResourcesBuildPhase;
			buildActionMask = 2147483647;
			files = (
				B65A744727AA2ECC00CC371E /* LaunchScreen.storyboard in Resources */,
				B65A744427AA2ECC00CC371E /* Assets.xcassets in Resources */,
				B65A744227AA2ECB00CC371E /* Main.storyboard in Resources */,
			);
			runOnlyForDeploymentPostprocessing = 0;
		};
		B65A744B27AA2ECC00CC371E /* Resources */ = {
			isa = PBXResourcesBuildPhase;
			buildActionMask = 2147483647;
			files = (
			);
			runOnlyForDeploymentPostprocessing = 0;
		};
		B65A745527AA2ECC00CC371E /* Resources */ = {
			isa = PBXResourcesBuildPhase;
			buildActionMask = 2147483647;
			files = (
			);
			runOnlyForDeploymentPostprocessing = 0;
		};
/* End PBXResourcesBuildPhase section */

/* Begin PBXSourcesBuildPhase section */
		B65A743327AA2ECB00CC371E /* Sources */ = {
			isa = PBXSourcesBuildPhase;
			buildActionMask = 2147483647;
			files = (
				B65A747427AA301800CC371E /* Repository.swift in Sources */,
				B65A743F27AA2ECB00CC371E /* ViewController.swift in Sources */,
				B65A743B27AA2ECB00CC371E /* AppDelegate.swift in Sources */,
				B65A747027AA2FFE00CC371E /* Service.swift in Sources */,
				B65A747627AA302100CC371E /* Entity.swift in Sources */,
				B65A747227AA300900CC371E /* Model.swift in Sources */,
				B65A746E27AA2FF800CC371E /* ViewModel.swift in Sources */,
				B65A743D27AA2ECB00CC371E /* SceneDelegate.swift in Sources */,
			);
			runOnlyForDeploymentPostprocessing = 0;
		};
		B65A744927AA2ECC00CC371E /* Sources */ = {
			isa = PBXSourcesBuildPhase;
			buildActionMask = 2147483647;
			files = (
				B65A745227AA2ECC00CC371E /* UTCTimeTests.swift in Sources */,
			);
			runOnlyForDeploymentPostprocessing = 0;
		};
		B65A745327AA2ECC00CC371E /* Sources */ = {
			isa = PBXSourcesBuildPhase;
			buildActionMask = 2147483647;
			files = (
				B65A745E27AA2ECC00CC371E /* UTCTimeUITestsLaunchTests.swift in Sources */,
				B65A745C27AA2ECC00CC371E /* UTCTimeUITests.swift in Sources */,
			);
			runOnlyForDeploymentPostprocessing = 0;
		};
/* End PBXSourcesBuildPhase section */

/* Begin PBXTargetDependency section */
		B65A744F27AA2ECC00CC371E /* PBXTargetDependency */ = {
			isa = PBXTargetDependency;
			target = B65A743627AA2ECB00CC371E /* UTCTime */;
			targetProxy = B65A744E27AA2ECC00CC371E /* PBXContainerItemProxy */;
		};
		B65A745927AA2ECC00CC371E /* PBXTargetDependency */ = {
			isa = PBXTargetDependency;
			target = B65A743627AA2ECB00CC371E /* UTCTime */;
			targetProxy = B65A745827AA2ECC00CC371E /* PBXContainerItemProxy */;
		};
/* End PBXTargetDependency section */

/* Begin PBXVariantGroup section */
		B65A744027AA2ECB00CC371E /* Main.storyboard */ = {
			isa = PBXVariantGroup;
			children = (
				B65A744127AA2ECB00CC371E /* Base */,
			);
			name = Main.storyboard;
			sourceTree = "<group>";
		};
		B65A744527AA2ECC00CC371E /* LaunchScreen.storyboard */ = {
			isa = PBXVariantGroup;
			children = (
				B65A744627AA2ECC00CC371E /* Base */,
			);
			name = LaunchScreen.storyboard;
			sourceTree = "<group>";
		};
/* End PBXVariantGroup section */

/* Begin XCBuildConfiguration section */
		B65A745F27AA2ECC00CC371E /* Debug */ = {
			isa = XCBuildConfiguration;
			buildSettings = {
				ALWAYS_SEARCH_USER_PATHS = NO;
				CLANG_ANALYZER_NONNULL = YES;
				CLANG_ANALYZER_NUMBER_OBJECT_CONVERSION = YES_AGGRESSIVE;
				CLANG_CXX_LANGUAGE_STANDARD = "gnu++17";
				CLANG_CXX_LIBRARY = "libc++";
				CLANG_ENABLE_MODULES = YES;
				CLANG_ENABLE_OBJC_ARC = YES;
				CLANG_ENABLE_OBJC_WEAK = YES;
				CLANG_WARN_BLOCK_CAPTURE_AUTORELEASING = YES;
				CLANG_WARN_BOOL_CONVERSION = YES;
				CLANG_WARN_COMMA = YES;
				CLANG_WARN_CONSTANT_CONVERSION = YES;
				CLANG_WARN_DEPRECATED_OBJC_IMPLEMENTATIONS = YES;
				CLANG_WARN_DIRECT_OBJC_ISA_USAGE = YES_ERROR;
				CLANG_WARN_DOCUMENTATION_COMMENTS = YES;
				CLANG_WARN_EMPTY_BODY = YES;
				CLANG_WARN_ENUM_CONVERSION = YES;
				CLANG_WARN_INFINITE_RECURSION = YES;
				CLANG_WARN_INT_CONVERSION = YES;
				CLANG_WARN_NON_LITERAL_NULL_CONVERSION = YES;
				CLANG_WARN_OBJC_IMPLICIT_RETAIN_SELF = YES;
				CLANG_WARN_OBJC_LITERAL_CONVERSION = YES;
				CLANG_WARN_OBJC_ROOT_CLASS = YES_ERROR;
				CLANG_WARN_QUOTED_INCLUDE_IN_FRAMEWORK_HEADER = YES;
				CLANG_WARN_RANGE_LOOP_ANALYSIS = YES;
				CLANG_WARN_STRICT_PROTOTYPES = YES;
				CLANG_WARN_SUSPICIOUS_MOVE = YES;
				CLANG_WARN_UNGUARDED_AVAILABILITY = YES_AGGRESSIVE;
				CLANG_WARN_UNREACHABLE_CODE = YES;
				CLANG_WARN__DUPLICATE_METHOD_MATCH = YES;
				COPY_PHASE_STRIP = NO;
				DEBUG_INFORMATION_FORMAT = dwarf;
				ENABLE_STRICT_OBJC_MSGSEND = YES;
				ENABLE_TESTABILITY = YES;
				GCC_C_LANGUAGE_STANDARD = gnu11;
				GCC_DYNAMIC_NO_PIC = NO;
				GCC_NO_COMMON_BLOCKS = YES;
				GCC_OPTIMIZATION_LEVEL = 0;
				GCC_PREPROCESSOR_DEFINITIONS = (
					"DEBUG=1",
					"$(inherited)",
				);
				GCC_WARN_64_TO_32_BIT_CONVERSION = YES;
				GCC_WARN_ABOUT_RETURN_TYPE = YES_ERROR;
				GCC_WARN_UNDECLARED_SELECTOR = YES;
				GCC_WARN_UNINITIALIZED_AUTOS = YES_AGGRESSIVE;
				GCC_WARN_UNUSED_FUNCTION = YES;
				GCC_WARN_UNUSED_VARIABLE = YES;
				IPHONEOS_DEPLOYMENT_TARGET = 15.0;
				MTL_ENABLE_DEBUG_INFO = INCLUDE_SOURCE;
				MTL_FAST_MATH = YES;
				ONLY_ACTIVE_ARCH = YES;
				SDKROOT = iphoneos;
				SWIFT_ACTIVE_COMPILATION_CONDITIONS = DEBUG;
				SWIFT_OPTIMIZATION_LEVEL = "-Onone";
			};
			name = Debug;
		};
		B65A746027AA2ECC00CC371E /* Release */ = {
			isa = XCBuildConfiguration;
			buildSettings = {
				ALWAYS_SEARCH_USER_PATHS = NO;
				CLANG_ANALYZER_NONNULL = YES;
				CLANG_ANALYZER_NUMBER_OBJECT_CONVERSION = YES_AGGRESSIVE;
				CLANG_CXX_LANGUAGE_STANDARD = "gnu++17";
				CLANG_CXX_LIBRARY = "libc++";
				CLANG_ENABLE_MODULES = YES;
				CLANG_ENABLE_OBJC_ARC = YES;
				CLANG_ENABLE_OBJC_WEAK = YES;
				CLANG_WARN_BLOCK_CAPTURE_AUTORELEASING = YES;
				CLANG_WARN_BOOL_CONVERSION = YES;
				CLANG_WARN_COMMA = YES;
				CLANG_WARN_CONSTANT_CONVERSION = YES;
				CLANG_WARN_DEPRECATED_OBJC_IMPLEMENTATIONS = YES;
				CLANG_WARN_DIRECT_OBJC_ISA_USAGE = YES_ERROR;
				CLANG_WARN_DOCUMENTATION_COMMENTS = YES;
				CLANG_WARN_EMPTY_BODY = YES;
				CLANG_WARN_ENUM_CONVERSION = YES;
				CLANG_WARN_INFINITE_RECURSION = YES;
				CLANG_WARN_INT_CONVERSION = YES;
				CLANG_WARN_NON_LITERAL_NULL_CONVERSION = YES;
				CLANG_WARN_OBJC_IMPLICIT_RETAIN_SELF = YES;
				CLANG_WARN_OBJC_LITERAL_CONVERSION = YES;
				CLANG_WARN_OBJC_ROOT_CLASS = YES_ERROR;
				CLANG_WARN_QUOTED_INCLUDE_IN_FRAMEWORK_HEADER = YES;
				CLANG_WARN_RANGE_LOOP_ANALYSIS = YES;
				CLANG_WARN_STRICT_PROTOTYPES = YES;
				CLANG_WARN_SUSPICIOUS_MOVE = YES;
				CLANG_WARN_UNGUARDED_AVAILABILITY = YES_AGGRESSIVE;
				CLANG_WARN_UNREACHABLE_CODE = YES;
				CLANG_WARN__DUPLICATE_METHOD_MATCH = YES;
				COPY_PHASE_STRIP = NO;
				DEBUG_INFORMATION_FORMAT = "dwarf-with-dsym";
				ENABLE_NS_ASSERTIONS = NO;
				ENABLE_STRICT_OBJC_MSGSEND = YES;
				GCC_C_LANGUAGE_STANDARD = gnu11;
				GCC_NO_COMMON_BLOCKS = YES;
				GCC_WARN_64_TO_32_BIT_CONVERSION = YES;
				GCC_WARN_ABOUT_RETURN_TYPE = YES_ERROR;
				GCC_WARN_UNDECLARED_SELECTOR = YES;
				GCC_WARN_UNINITIALIZED_AUTOS = YES_AGGRESSIVE;
				GCC_WARN_UNUSED_FUNCTION = YES;
				GCC_WARN_UNUSED_VARIABLE = YES;
				IPHONEOS_DEPLOYMENT_TARGET = 15.0;
				MTL_ENABLE_DEBUG_INFO = NO;
				MTL_FAST_MATH = YES;
				SDKROOT = iphoneos;
				SWIFT_COMPILATION_MODE = wholemodule;
				SWIFT_OPTIMIZATION_LEVEL = "-O";
				VALIDATE_PRODUCT = YES;
			};
			name = Release;
		};
		B65A746227AA2ECC00CC371E /* Debug */ = {
			isa = XCBuildConfiguration;
			buildSettings = {
				ASSETCATALOG_COMPILER_APPICON_NAME = AppIcon;
				ASSETCATALOG_COMPILER_GLOBAL_ACCENT_COLOR_NAME = AccentColor;
				CODE_SIGN_STYLE = Automatic;
				CURRENT_PROJECT_VERSION = 1;
				DEVELOPMENT_TEAM = XK2FZR7MVH;
				GENERATE_INFOPLIST_FILE = YES;
				INFOPLIST_FILE = UTCTime/App/Info.plist;
				INFOPLIST_KEY_UIApplicationSupportsIndirectInputEvents = YES;
				INFOPLIST_KEY_UILaunchStoryboardName = LaunchScreen;
				INFOPLIST_KEY_UIMainStoryboardFile = Main;
				INFOPLIST_KEY_UISupportedInterfaceOrientations_iPad = "UIInterfaceOrientationPortrait UIInterfaceOrientationPortraitUpsideDown UIInterfaceOrientationLandscapeLeft UIInterfaceOrientationLandscapeRight";
				INFOPLIST_KEY_UISupportedInterfaceOrientations_iPhone = "UIInterfaceOrientationPortrait UIInterfaceOrientationLandscapeLeft UIInterfaceOrientationLandscapeRight";
				LD_RUNPATH_SEARCH_PATHS = (
					"$(inherited)",
					"@executable_path/Frameworks",
				);
				MARKETING_VERSION = 1.0;
				PRODUCT_BUNDLE_IDENTIFIER = netLee.UTCTime;
				PRODUCT_NAME = "$(TARGET_NAME)";
				SWIFT_EMIT_LOC_STRINGS = YES;
				SWIFT_VERSION = 5.0;
				TARGETED_DEVICE_FAMILY = "1,2";
			};
			name = Debug;
		};
		B65A746327AA2ECC00CC371E /* Release */ = {
			isa = XCBuildConfiguration;
			buildSettings = {
				ASSETCATALOG_COMPILER_APPICON_NAME = AppIcon;
				ASSETCATALOG_COMPILER_GLOBAL_ACCENT_COLOR_NAME = AccentColor;
				CODE_SIGN_STYLE = Automatic;
				CURRENT_PROJECT_VERSION = 1;
				DEVELOPMENT_TEAM = XK2FZR7MVH;
				GENERATE_INFOPLIST_FILE = YES;
				INFOPLIST_FILE = UTCTime/App/Info.plist;
				INFOPLIST_KEY_UIApplicationSupportsIndirectInputEvents = YES;
				INFOPLIST_KEY_UILaunchStoryboardName = LaunchScreen;
				INFOPLIST_KEY_UIMainStoryboardFile = Main;
				INFOPLIST_KEY_UISupportedInterfaceOrientations_iPad = "UIInterfaceOrientationPortrait UIInterfaceOrientationPortraitUpsideDown UIInterfaceOrientationLandscapeLeft UIInterfaceOrientationLandscapeRight";
				INFOPLIST_KEY_UISupportedInterfaceOrientations_iPhone = "UIInterfaceOrientationPortrait UIInterfaceOrientationLandscapeLeft UIInterfaceOrientationLandscapeRight";
				LD_RUNPATH_SEARCH_PATHS = (
					"$(inherited)",
					"@executable_path/Frameworks",
				);
				MARKETING_VERSION = 1.0;
				PRODUCT_BUNDLE_IDENTIFIER = netLee.UTCTime;
				PRODUCT_NAME = "$(TARGET_NAME)";
				SWIFT_EMIT_LOC_STRINGS = YES;
				SWIFT_VERSION = 5.0;
				TARGETED_DEVICE_FAMILY = "1,2";
			};
			name = Release;
		};
		B65A746527AA2ECC00CC371E /* Debug */ = {
			isa = XCBuildConfiguration;
			buildSettings = {
				ALWAYS_EMBED_SWIFT_STANDARD_LIBRARIES = YES;
				BUNDLE_LOADER = "$(TEST_HOST)";
				CODE_SIGN_STYLE = Automatic;
				CURRENT_PROJECT_VERSION = 1;
				DEVELOPMENT_TEAM = XK2FZR7MVH;
				GENERATE_INFOPLIST_FILE = YES;
				IPHONEOS_DEPLOYMENT_TARGET = 15.0;
				LD_RUNPATH_SEARCH_PATHS = (
					"$(inherited)",
					"@executable_path/Frameworks",
					"@loader_path/Frameworks",
				);
				MARKETING_VERSION = 1.0;
				PRODUCT_BUNDLE_IDENTIFIER = netLee.UTCTimeTests;
				PRODUCT_NAME = "$(TARGET_NAME)";
				SWIFT_EMIT_LOC_STRINGS = NO;
				SWIFT_VERSION = 5.0;
				TARGETED_DEVICE_FAMILY = "1,2";
				TEST_HOST = "$(BUILT_PRODUCTS_DIR)/UTCTime.app/UTCTime";
			};
			name = Debug;
		};
		B65A746627AA2ECC00CC371E /* Release */ = {
			isa = XCBuildConfiguration;
			buildSettings = {
				ALWAYS_EMBED_SWIFT_STANDARD_LIBRARIES = YES;
				BUNDLE_LOADER = "$(TEST_HOST)";
				CODE_SIGN_STYLE = Automatic;
				CURRENT_PROJECT_VERSION = 1;
				DEVELOPMENT_TEAM = XK2FZR7MVH;
				GENERATE_INFOPLIST_FILE = YES;
				IPHONEOS_DEPLOYMENT_TARGET = 15.0;
				LD_RUNPATH_SEARCH_PATHS = (
					"$(inherited)",
					"@executable_path/Frameworks",
					"@loader_path/Frameworks",
				);
				MARKETING_VERSION = 1.0;
				PRODUCT_BUNDLE_IDENTIFIER = netLee.UTCTimeTests;
				PRODUCT_NAME = "$(TARGET_NAME)";
				SWIFT_EMIT_LOC_STRINGS = NO;
				SWIFT_VERSION = 5.0;
				TARGETED_DEVICE_FAMILY = "1,2";
				TEST_HOST = "$(BUILT_PRODUCTS_DIR)/UTCTime.app/UTCTime";
			};
			name = Release;
		};
		B65A746827AA2ECC00CC371E /* Debug */ = {
			isa = XCBuildConfiguration;
			buildSettings = {
				ALWAYS_EMBED_SWIFT_STANDARD_LIBRARIES = YES;
				CODE_SIGN_STYLE = Automatic;
				CURRENT_PROJECT_VERSION = 1;
				DEVELOPMENT_TEAM = XK2FZR7MVH;
				GENERATE_INFOPLIST_FILE = YES;
				LD_RUNPATH_SEARCH_PATHS = (
					"$(inherited)",
					"@executable_path/Frameworks",
					"@loader_path/Frameworks",
				);
				MARKETING_VERSION = 1.0;
				PRODUCT_BUNDLE_IDENTIFIER = netLee.UTCTimeUITests;
				PRODUCT_NAME = "$(TARGET_NAME)";
				SWIFT_EMIT_LOC_STRINGS = NO;
				SWIFT_VERSION = 5.0;
				TARGETED_DEVICE_FAMILY = "1,2";
				TEST_TARGET_NAME = UTCTime;
			};
			name = Debug;
		};
		B65A746927AA2ECC00CC371E /* Release */ = {
			isa = XCBuildConfiguration;
			buildSettings = {
				ALWAYS_EMBED_SWIFT_STANDARD_LIBRARIES = YES;
				CODE_SIGN_STYLE = Automatic;
				CURRENT_PROJECT_VERSION = 1;
				DEVELOPMENT_TEAM = XK2FZR7MVH;
				GENERATE_INFOPLIST_FILE = YES;
				LD_RUNPATH_SEARCH_PATHS = (
					"$(inherited)",
					"@executable_path/Frameworks",
					"@loader_path/Frameworks",
				);
				MARKETING_VERSION = 1.0;
				PRODUCT_BUNDLE_IDENTIFIER = netLee.UTCTimeUITests;
				PRODUCT_NAME = "$(TARGET_NAME)";
				SWIFT_EMIT_LOC_STRINGS = NO;
				SWIFT_VERSION = 5.0;
				TARGETED_DEVICE_FAMILY = "1,2";
				TEST_TARGET_NAME = UTCTime;
			};
			name = Release;
		};
/* End XCBuildConfiguration section */

/* Begin XCConfigurationList section */
		B65A743227AA2ECB00CC371E /* Build configuration list for PBXProject "UTCTime" */ = {
			isa = XCConfigurationList;
			buildConfigurations = (
				B65A745F27AA2ECC00CC371E /* Debug */,
				B65A746027AA2ECC00CC371E /* Release */,
			);
			defaultConfigurationIsVisible = 0;
			defaultConfigurationName = Release;
		};
		B65A746127AA2ECC00CC371E /* Build configuration list for PBXNativeTarget "UTCTime" */ = {
			isa = XCConfigurationList;
			buildConfigurations = (
				B65A746227AA2ECC00CC371E /* Debug */,
				B65A746327AA2ECC00CC371E /* Release */,
			);
			defaultConfigurationIsVisible = 0;
			defaultConfigurationName = Release;
		};
		B65A746427AA2ECC00CC371E /* Build configuration list for PBXNativeTarget "UTCTimeTests" */ = {
			isa = XCConfigurationList;
			buildConfigurations = (
				B65A746527AA2ECC00CC371E /* Debug */,
				B65A746627AA2ECC00CC371E /* Release */,
			);
			defaultConfigurationIsVisible = 0;
			defaultConfigurationName = Release;
		};
		B65A746727AA2ECC00CC371E /* Build configuration list for PBXNativeTarget "UTCTimeUITests" */ = {
			isa = XCConfigurationList;
			buildConfigurations = (
				B65A746827AA2ECC00CC371E /* Debug */,
				B65A746927AA2ECC00CC371E /* Release */,
			);
			defaultConfigurationIsVisible = 0;
			defaultConfigurationName = Release;
		};
/* End XCConfigurationList section */
	};
	rootObject = B65A742F27AA2ECB00CC371E /* Project object */;
}
